
Microsoft Visual Studio Solution File, Format Version 12.00
# Visual Studio Version 16
VisualStudioVersion = 16.0.33214.272
MinimumVisualStudioVersion = 10.0.40219.1
Project("{2150E333-8FDC-42A3-9474-1A3956D46DE8}") = "Services", "Services", "{B9001DF5-EED0-4D4D-B140-56A1A492B717}"
EndProject
Project("{2150E333-8FDC-42A3-9474-1A3956D46DE8}") = "Catalog", "Catalog", "{3FFDF599-0B32-46DB-A508-B3BF25C91626}"
EndProject
Project("{9A19103F-16F7-4668-BE54-9A1E7A4F7556}") = "Catalog.API", "Services\Catalog\Catalog.API\Catalog.API.csproj", "{B386C5E0-2BEF-4D48-ACBB-D2072868DFFE}"
EndProject
Project("{E53339B2-1760-4266-BCC7-CA923CBCF16C}") = "docker-compose", "docker-compose.dcproj", "{969E942B-5769-4B6A-ABC2-1DAA4A7537B3}"
EndProject
Project("{2150E333-8FDC-42A3-9474-1A3956D46DE8}") = "Basket", "Basket", "{01D7E9CE-F8E4-42B3-9757-ACD14AB0099C}"
EndProject
Project("{9A19103F-16F7-4668-BE54-9A1E7A4F7556}") = "Basket.API", "Services\Basket\Basket.API\Basket.API.csproj", "{9E27AF32-6EF2-4CEF-84B0-D846604ACBD1}"
EndProject
Project("{2150E333-8FDC-42A3-9474-1A3956D46DE8}") = "Discount", "Discount", "{9553B76C-416A-4AC3-8DFB-D4D4B4AAC02F}"
EndProject
Project("{FAE04EC0-301F-11D3-BF4B-00C04F79EFBC}") = "Discount.API", "Services\Discount\Discount.API\Discount.API.csproj", "{0CD238A4-2956-4352-A648-B26CADB8DC37}"
EndProject
Global
	GlobalSection(SolutionConfigurationPlatforms) = preSolution
		Debug|Any CPU = Debug|Any CPU
		Release|Any CPU = Release|Any CPU
	EndGlobalSection
	GlobalSection(ProjectConfigurationPlatforms) = postSolution
		{B386C5E0-2BEF-4D48-ACBB-D2072868DFFE}.Debug|Any CPU.ActiveCfg = Debug|Any CPU
		{B386C5E0-2BEF-4D48-ACBB-D2072868DFFE}.Debug|Any CPU.Build.0 = Debug|Any CPU
		{B386C5E0-2BEF-4D48-ACBB-D2072868DFFE}.Release|Any CPU.ActiveCfg = Release|Any CPU
		{B386C5E0-2BEF-4D48-ACBB-D2072868DFFE}.Release|Any CPU.Build.0 = Release|Any CPU
		{969E942B-5769-4B6A-ABC2-1DAA4A7537B3}.Debug|Any CPU.ActiveCfg = Debug|Any CPU
		{969E942B-5769-4B6A-ABC2-1DAA4A7537B3}.Debug|Any CPU.Build.0 = Debug|Any CPU
		{969E942B-5769-4B6A-ABC2-1DAA4A7537B3}.Release|Any CPU.ActiveCfg = Release|Any CPU
		{969E942B-5769-4B6A-ABC2-1DAA4A7537B3}.Release|Any CPU.Build.0 = Release|Any CPU
		{9E27AF32-6EF2-4CEF-84B0-D846604ACBD1}.Debug|Any CPU.ActiveCfg = Debug|Any CPU
		{9E27AF32-6EF2-4CEF-84B0-D846604ACBD1}.Debug|Any CPU.Build.0 = Debug|Any CPU
		{9E27AF32-6EF2-4CEF-84B0-D846604ACBD1}.Release|Any CPU.ActiveCfg = Release|Any CPU
		{9E27AF32-6EF2-4CEF-84B0-D846604ACBD1}.Release|Any CPU.Build.0 = Release|Any CPU
		{0CD238A4-2956-4352-A648-B26CADB8DC37}.Debug|Any CPU.ActiveCfg = Debug|Any CPU
		{0CD238A4-2956-4352-A648-B26CADB8DC37}.Debug|Any CPU.Build.0 = Debug|Any CPU
		{0CD238A4-2956-4352-A648-B26CADB8DC37}.Release|Any CPU.ActiveCfg = Release|Any CPU
		{0CD238A4-2956-4352-A648-B26CADB8DC37}.Release|Any CPU.Build.0 = Release|Any CPU
	EndGlobalSection
	GlobalSection(SolutionProperties) = preSolution
		HideSolutionNode = FALSE
	EndGlobalSection
	GlobalSection(NestedProjects) = preSolution
		{3FFDF599-0B32-46DB-A508-B3BF25C91626} = {B9001DF5-EED0-4D4D-B140-56A1A492B717}
		{B386C5E0-2BEF-4D48-ACBB-D2072868DFFE} = {3FFDF599-0B32-46DB-A508-B3BF25C91626}
		{01D7E9CE-F8E4-42B3-9757-ACD14AB0099C} = {B9001DF5-EED0-4D4D-B140-56A1A492B717}
		{9E27AF32-6EF2-4CEF-84B0-D846604ACBD1} = {01D7E9CE-F8E4-42B3-9757-ACD14AB0099C}
		{9553B76C-416A-4AC3-8DFB-D4D4B4AAC02F} = {B9001DF5-EED0-4D4D-B140-56A1A492B717}
		{0CD238A4-2956-4352-A648-B26CADB8DC37} = {9553B76C-416A-4AC3-8DFB-D4D4B4AAC02F}
	EndGlobalSection
	GlobalSection(ExtensibilityGlobals) = postSolution
		SolutionGuid = {472EB1BE-6276-4072-9A81-41D242FD8D8F}
	EndGlobalSection
EndGlobal
